// !$*UTF8*$!
{
	archiveVersion = 1;
	classes = {
	};
	objectVersion = 46;
	objects = {

/* Begin PBXBuildFile section */
		8453784D1CB500600041F884 /* User.swift in Sources */ = {isa = PBXBuildFile; fileRef = 8453784C1CB500600041F884 /* User.swift */; };
		845378561CB527040041F884 /* Account.swift in Sources */ = {isa = PBXBuildFile; fileRef = 845378551CB527040041F884 /* Account.swift */; };
		84E3DDF71CB75E44009C9273 /* Notes in Resources */ = {isa = PBXBuildFile; fileRef = 84E3DDF61CB75E44009C9273 /* Notes */; };
		B3BCACDA1CB5246C00A2BA1B /* RegisterViewController.swift in Sources */ = {isa = PBXBuildFile; fileRef = B3BCACD91CB5246C00A2BA1B /* RegisterViewController.swift */; };
		B3F2790F1CB4EB1800DB3A09 /* AppDelegate.swift in Sources */ = {isa = PBXBuildFile; fileRef = B3F2790E1CB4EB1800DB3A09 /* AppDelegate.swift */; };
		B3F279111CB4EB1800DB3A09 /* ViewController.swift in Sources */ = {isa = PBXBuildFile; fileRef = B3F279101CB4EB1800DB3A09 /* ViewController.swift */; };
		B3F279141CB4EB1800DB3A09 /* Main.storyboard in Resources */ = {isa = PBXBuildFile; fileRef = B3F279121CB4EB1800DB3A09 /* Main.storyboard */; };
		B3F279161CB4EB1800DB3A09 /* Assets.xcassets in Resources */ = {isa = PBXBuildFile; fileRef = B3F279151CB4EB1800DB3A09 /* Assets.xcassets */; };
		B3F279191CB4EB1800DB3A09 /* LaunchScreen.storyboard in Resources */ = {isa = PBXBuildFile; fileRef = B3F279171CB4EB1800DB3A09 /* LaunchScreen.storyboard */; };
/* End PBXBuildFile section */

/* Begin PBXFileReference section */
		8453784C1CB500600041F884 /* User.swift */ = {isa = PBXFileReference; fileEncoding = 4; lastKnownFileType = sourcecode.swift; path = User.swift; sourceTree = "<group>"; };
		845378551CB527040041F884 /* Account.swift */ = {isa = PBXFileReference; fileEncoding = 4; lastKnownFileType = sourcecode.swift; path = Account.swift; sourceTree = "<group>"; };
		84E3DDF61CB75E44009C9273 /* Notes */ = {isa = PBXFileReference; fileEncoding = 4; lastKnownFileType = text; path = Notes; sourceTree = "<group>"; };
		B3BCACD91CB5246C00A2BA1B /* RegisterViewController.swift */ = {isa = PBXFileReference; fileEncoding = 4; lastKnownFileType = sourcecode.swift; path = RegisterViewController.swift; sourceTree = "<group>"; };
		B3F2790B1CB4EB1800DB3A09 /* Wai.app */ = {isa = PBXFileReference; explicitFileType = wrapper.application; includeInIndex = 0; path = Wai.app; sourceTree = BUILT_PRODUCTS_DIR; };
		B3F2790E1CB4EB1800DB3A09 /* AppDelegate.swift */ = {isa = PBXFileReference; lastKnownFileType = sourcecode.swift; path = AppDelegate.swift; sourceTree = "<group>"; };
		B3F279101CB4EB1800DB3A09 /* ViewController.swift */ = {isa = PBXFileReference; lastKnownFileType = sourcecode.swift; path = ViewController.swift; sourceTree = "<group>"; };
		B3F279131CB4EB1800DB3A09 /* Base */ = {isa = PBXFileReference; lastKnownFileType = file.storyboard; name = Base; path = Base.lproj/Main.storyboard; sourceTree = "<group>"; };
		B3F279151CB4EB1800DB3A09 /* Assets.xcassets */ = {isa = PBXFileReference; lastKnownFileType = folder.assetcatalog; path = Assets.xcassets; sourceTree = "<group>"; };
		B3F279181CB4EB1800DB3A09 /* Base */ = {isa = PBXFileReference; lastKnownFileType = file.storyboard; name = Base; path = Base.lproj/LaunchScreen.storyboard; sourceTree = "<group>"; };
		B3F2791A1CB4EB1800DB3A09 /* Info.plist */ = {isa = PBXFileReference; lastKnownFileType = text.plist.xml; path = Info.plist; sourceTree = "<group>"; };
/* End PBXFileReference section */

/* Begin PBXFrameworksBuildPhase section */
		B3F279081CB4EB1800DB3A09 /* Frameworks */ = {
			isa = PBXFrameworksBuildPhase;
			buildActionMask = 2147483647;
			files = (
			);
			runOnlyForDeploymentPostprocessing = 0;
		};
/* End PBXFrameworksBuildPhase section */

/* Begin PBXGroup section */
		845378501CB5079D0041F884 /* Model */ = {
			isa = PBXGroup;
			children = (
				845378551CB527040041F884 /* Account.swift */,
				8453784C1CB500600041F884 /* User.swift */,
			);
			name = Model;
			sourceTree = "<group>";
		};
		845378521CB507C90041F884 /* Controller */ = {
			isa = PBXGroup;
			children = (
				B3F279101CB4EB1800DB3A09 /* ViewController.swift */,
				B3BCACD91CB5246C00A2BA1B /* RegisterViewController.swift */,
			);
			name = Controller;
			sourceTree = "<group>";
		};
		B3F279021CB4EB1800DB3A09 = {
			isa = PBXGroup;
			children = (
				B3F2790D1CB4EB1800DB3A09 /* Wai */,
				B3F2790C1CB4EB1800DB3A09 /* Products */,
			);
			sourceTree = "<group>";
		};
		B3F2790C1CB4EB1800DB3A09 /* Products */ = {
			isa = PBXGroup;
			children = (
				B3F2790B1CB4EB1800DB3A09 /* Wai.app */,
			);
			name = Products;
			sourceTree = "<group>";
		};
		B3F2790D1CB4EB1800DB3A09 /* Wai */ = {
			isa = PBXGroup;
			children = (
				845378521CB507C90041F884 /* Controller */,
				845378501CB5079D0041F884 /* Model */,
				B3F2790E1CB4EB1800DB3A09 /* AppDelegate.swift */,
				B3F279121CB4EB1800DB3A09 /* Main.storyboard */,
				B3F279151CB4EB1800DB3A09 /* Assets.xcassets */,
				B3F279171CB4EB1800DB3A09 /* LaunchScreen.storyboard */,
				B3F2791A1CB4EB1800DB3A09 /* Info.plist */,
				84E3DDF61CB75E44009C9273 /* Notes */,
			);
			path = Wai;
			sourceTree = "<group>";
		};
/* End PBXGroup section */

/* Begin PBXNativeTarget section */
		B3F2790A1CB4EB1800DB3A09 /* Wai */ = {
			isa = PBXNativeTarget;
			buildConfigurationList = B3F2791D1CB4EB1800DB3A09 /* Build configuration list for PBXNativeTarget "Wai" */;
			buildPhases = (
				B3F279071CB4EB1800DB3A09 /* Sources */,
				B3F279081CB4EB1800DB3A09 /* Frameworks */,
				B3F279091CB4EB1800DB3A09 /* Resources */,
			);
			buildRules = (
			);
			dependencies = (
			);
			name = Wai;
			productName = Wai;
			productReference = B3F2790B1CB4EB1800DB3A09 /* Wai.app */;
			productType = "com.apple.product-type.application";
		};
/* End PBXNativeTarget section */

/* Begin PBXProject section */
		B3F279031CB4EB1800DB3A09 /* Project object */ = {
			isa = PBXProject;
			attributes = {
				LastSwiftUpdateCheck = 0720;
				LastUpgradeCheck = 0720;
				ORGANIZATIONNAME = wtt;
				TargetAttributes = {
					B3F2790A1CB4EB1800DB3A09 = {
						CreatedOnToolsVersion = 7.2.1;
						DevelopmentTeam = 6JSN5DBCNF;
					};
				};
			};
			buildConfigurationList = B3F279061CB4EB1800DB3A09 /* Build configuration list for PBXProject "Wai" */;
			compatibilityVersion = "Xcode 3.2";
			developmentRegion = English;
			hasScannedForEncodings = 0;
			knownRegions = (
				en,
				Base,
			);
			mainGroup = B3F279021CB4EB1800DB3A09;
			productRefGroup = B3F2790C1CB4EB1800DB3A09 /* Products */;
			projectDirPath = "";
			projectRoot = "";
			targets = (
				B3F2790A1CB4EB1800DB3A09 /* Wai */,
			);
		};
/* End PBXProject section */

/* Begin PBXResourcesBuildPhase section */
		B3F279091CB4EB1800DB3A09 /* Resources */ = {
			isa = PBXResourcesBuildPhase;
			buildActionMask = 2147483647;
			files = (
				B3F279191CB4EB1800DB3A09 /* LaunchScreen.storyboard in Resources */,
				B3F279161CB4EB1800DB3A09 /* Assets.xcassets in Resources */,
				84E3DDF71CB75E44009C9273 /* Notes in Resources */,
				B3F279141CB4EB1800DB3A09 /* Main.storyboard in Resources */,
			);
			runOnlyForDeploymentPostprocessing = 0;
		};
/* End PBXResourcesBuildPhase section */

/* Begin PBXSourcesBuildPhase section */
		B3F279071CB4EB1800DB3A09 /* Sources */ = {
			isa = PBXSourcesBuildPhase;
			buildActionMask = 2147483647;
			files = (
				845378561CB527040041F884 /* Account.swift in Sources */,
				B3F279111CB4EB1800DB3A09 /* ViewController.swift in Sources */,
				B3F2790F1CB4EB1800DB3A09 /* AppDelegate.swift in Sources */,
				8453784D1CB500600041F884 /* User.swift in Sources */,
				B3BCACDA1CB5246C00A2BA1B /* RegisterViewController.swift in Sources */,
			);
			runOnlyForDeploymentPostprocessing = 0;
		};
/* End PBXSourcesBuildPhase section */

/* Begin PBXVariantGroup section */
		B3F279121CB4EB1800DB3A09 /* Main.storyboard */ = {
			isa = PBXVariantGroup;
			children = (
				B3F279131CB4EB1800DB3A09 /* Base */,
			);
			name = Main.storyboard;
			sourceTree = "<group>";
		};
		B3F279171CB4EB1800DB3A09 /* LaunchScreen.storyboard */ = {
			isa = PBXVariantGroup;
			children = (
				B3F279181CB4EB1800DB3A09 /* Base */,
			);
			name = LaunchScreen.storyboard;
			sourceTree = "<group>";
		};
/* End PBXVariantGroup section */

/* Begin XCBuildConfiguration section */
		B3F2791B1CB4EB1800DB3A09 /* Debug */ = {
			isa = XCBuildConfiguration;
			buildSettings = {
				ALWAYS_SEARCH_USER_PATHS = NO;
				CLANG_CXX_LANGUAGE_STANDARD = "gnu++0x";
				CLANG_CXX_LIBRARY = "libc++";
				CLANG_ENABLE_MODULES = YES;
				CLANG_ENABLE_OBJC_ARC = YES;
				CLANG_WARN_BOOL_CONVERSION = YES;
				CLANG_WARN_CONSTANT_CONVERSION = YES;
				CLANG_WARN_DIRECT_OBJC_ISA_USAGE = YES_ERROR;
				CLANG_WARN_EMPTY_BODY = YES;
				CLANG_WARN_ENUM_CONVERSION = YES;
				CLANG_WARN_INT_CONVERSION = YES;
				CLANG_WARN_OBJC_ROOT_CLASS = YES_ERROR;
				CLANG_WARN_UNREACHABLE_CODE = YES;
				CLANG_WARN__DUPLICATE_METHOD_MATCH = YES;
				"CODE_SIGN_IDENTITY[sdk=iphoneos*]" = "iPhone Developer";
				COPY_PHASE_STRIP = NO;
				DEBUG_INFORMATION_FORMAT = dwarf;
				ENABLE_STRICT_OBJC_MSGSEND = YES;
				ENABLE_TESTABILITY = YES;
				GCC_C_LANGUAGE_STANDARD = gnu99;
				GCC_DYNAMIC_NO_PIC = NO;
				GCC_NO_COMMON_BLOCKS = YES;
				GCC_OPTIMIZATION_LEVEL = 0;
				GCC_PREPROCESSOR_DEFINITIONS = (
					"DEBUG=1",
					"$(inherited)",
				);
				GCC_WARN_64_TO_32_BIT_CONVERSION = YES;
				GCC_WARN_ABOUT_RETURN_TYPE = YES_ERROR;
				GCC_WARN_UNDECLARED_SELECTOR = YES;
				GCC_WARN_UNINITIALIZED_AUTOS = YES_AGGRESSIVE;
				GCC_WARN_UNUSED_FUNCTION = YES;
				GCC_WARN_UNUSED_VARIABLE = YES;
				IPHONEOS_DEPLOYMENT_TARGET = 9.2;
				MTL_ENABLE_DEBUG_INFO = YES;
				ONLY_ACTIVE_ARCH = YES;
				SDKROOT = iphoneos;
				SWIFT_OPTIMIZATION_LEVEL = "-Onone";
				TARGETED_DEVICE_FAMILY = "1,2";
			};
			name = Debug;
		};
		B3F2791C1CB4EB1800DB3A09 /* Release */ = {
			isa = XCBuildConfiguration;
			buildSettings = {
				ALWAYS_SEARCH_USER_PATHS = NO;
				CLANG_CXX_LANGUAGE_STANDARD = "gnu++0x";
				CLANG_CXX_LIBRARY = "libc++";
				CLANG_ENABLE_MODULES = YES;
				CLANG_ENABLE_OBJC_ARC = YES;
				CLANG_WARN_BOOL_CONVERSION = YES;
				CLANG_WARN_CONSTANT_CONVERSION = YES;
				CLANG_WARN_DIRECT_OBJC_ISA_USAGE = YES_ERROR;
				CLANG_WARN_EMPTY_BODY = YES;
				CLANG_WARN_ENUM_CONVERSION = YES;
				CLANG_WARN_INT_CONVERSION = YES;
				CLANG_WARN_OBJC_ROOT_CLASS = YES_ERROR;
				CLANG_WARN_UNREACHABLE_CODE = YES;
				CLANG_WARN__DUPLICATE_METHOD_MATCH = YES;
				"CODE_SIGN_IDENTITY[sdk=iphoneos*]" = "iPhone Developer";
				COPY_PHASE_STRIP = NO;
				DEBUG_INFORMATION_FORMAT = "dwarf-with-dsym";
				ENABLE_NS_ASSERTIONS = NO;
				ENABLE_STRICT_OBJC_MSGSEND = YES;
				GCC_C_LANGUAGE_STANDARD = gnu99;
				GCC_NO_COMMON_BLOCKS = YES;
				GCC_WARN_64_TO_32_BIT_CONVERSION = YES;
				GCC_WARN_ABOUT_RETURN_TYPE = YES_ERROR;
				GCC_WARN_UNDECLARED_SELECTOR = YES;
				GCC_WARN_UNINITIALIZED_AUTOS = YES_AGGRESSIVE;
				GCC_WARN_UNUSED_FUNCTION = YES;
				GCC_WARN_UNUSED_VARIABLE = YES;
				IPHONEOS_DEPLOYMENT_TARGET = 9.2;
				MTL_ENABLE_DEBUG_INFO = NO;
				SDKROOT = iphoneos;
				TARGETED_DEVICE_FAMILY = "1,2";
				VALIDATE_PRODUCT = YES;
			};
			name = Release;
		};
		B3F2791E1CB4EB1800DB3A09 /* Debug */ = {
			isa = XCBuildConfiguration;
			buildSettings = {
				ASSETCATALOG_COMPILER_APPICON_NAME = AppIcon;
				CODE_SIGN_IDENTITY = "iPhone Developer";
				"CODE_SIGN_IDENTITY[sdk=iphoneos*]" = "iPhone Developer";
				INFOPLIST_FILE = Wai/Info.plist;
				LD_RUNPATH_SEARCH_PATHS = "$(inherited) @executable_path/Frameworks";
				PRODUCT_BUNDLE_IDENTIFIER = edu.self.Wai;
				PRODUCT_NAME = "$(TARGET_NAME)";
				PROVISIONING_PROFILE = "";
			};
			name = Debug;
		};
		B3F2791F1CB4EB1800DB3A09 /* Release */ = {
			isa = XCBuildConfiguration;
			buildSettings = {
				ASSETCATALOG_COMPILER_APPICON_NAME = AppIcon;
				CODE_SIGN_IDENTITY = "iPhone Developer";
				"CODE_SIGN_IDENTITY[sdk=iphoneos*]" = "iPhone Developer";
				INFOPLIST_FILE = Wai/Info.plist;
				LD_RUNPATH_SEARCH_PATHS = "$(inherited) @executable_path/Frameworks";
				PRODUCT_BUNDLE_IDENTIFIER = edu.self.Wai;
				PRODUCT_NAME = "$(TARGET_NAME)";
				PROVISIONING_PROFILE = "";
			};
			name = Release;
		};
/* End XCBuildConfiguration section */

/* Begin XCConfigurationList section */
		B3F279061CB4EB1800DB3A09 /* Build configuration list for PBXProject "Wai" */ = {
			isa = XCConfigurationList;
			buildConfigurations = (
				B3F2791B1CB4EB1800DB3A09 /* Debug */,
				B3F2791C1CB4EB1800DB3A09 /* Release */,
			);
			defaultConfigurationIsVisible = 0;
			defaultConfigurationName = Release;
		};
		B3F2791D1CB4EB1800DB3A09 /* Build configuration list for PBXNativeTarget "Wai" */ = {
			isa = XCConfigurationList;
			buildConfigurations = (
				B3F2791E1CB4EB1800DB3A09 /* Debug */,
				B3F2791F1CB4EB1800DB3A09 /* Release */,
			);
			defaultConfigurationIsVisible = 0;
			defaultConfigurationName = Release;
		};
/* End XCConfigurationList section */
	};
	rootObject = B3F279031CB4EB1800DB3A09 /* Project object */;
}
